// !$*UTF8*$!
{
	archiveVersion = 1;
	classes = {
	};
	objectVersion = 56;
	objects = {

/* Begin PBXBuildFile section */
		CC0AB92C2A89E7F400D903BC /* Modules.swift in Sources */ = {isa = PBXBuildFile; fileRef = CC0AB92B2A89E7F400D903BC /* Modules.swift */; };
		CC0AB92F2A89EF6A00D903BC /* Navigation.swift in Sources */ = {isa = PBXBuildFile; fileRef = CC0AB92E2A89EF6A00D903BC /* Navigation.swift */; };
		CC0AB9312A89EFD400D903BC /* NavigationError.swift in Sources */ = {isa = PBXBuildFile; fileRef = CC0AB9302A89EFD400D903BC /* NavigationError.swift */; };
		CC0AB9342A89F31500D903BC /* PeopleListViewController.swift in Sources */ = {isa = PBXBuildFile; fileRef = CC0AB9332A89F31500D903BC /* PeopleListViewController.swift */; };
		CC0AB9362A89F32800D903BC /* PeopleListViewModel.swift in Sources */ = {isa = PBXBuildFile; fileRef = CC0AB9352A89F32800D903BC /* PeopleListViewModel.swift */; };
		CC0AB9392A89F3D700D903BC /* PlanetsListViewController.swift in Sources */ = {isa = PBXBuildFile; fileRef = CC0AB9382A89F3D700D903BC /* PlanetsListViewController.swift */; };
		CC0AB93B2A89F3E300D903BC /* PlanetsListViewModel.swift in Sources */ = {isa = PBXBuildFile; fileRef = CC0AB93A2A89F3E300D903BC /* PlanetsListViewModel.swift */; };
		CC0AB93E2A89F42F00D903BC /* FilmsListViewController.swift in Sources */ = {isa = PBXBuildFile; fileRef = CC0AB93D2A89F42F00D903BC /* FilmsListViewController.swift */; };
		CC0AB9402A89F45800D903BC /* FilmsListViewModel.swift in Sources */ = {isa = PBXBuildFile; fileRef = CC0AB93F2A89F45800D903BC /* FilmsListViewModel.swift */; };
		CC0AB9432A8A087100D903BC /* PersonTableViewCell.swift in Sources */ = {isa = PBXBuildFile; fileRef = CC0AB9412A8A087100D903BC /* PersonTableViewCell.swift */; };
		CC0AB9442A8A087100D903BC /* PersonTableViewCell.xib in Resources */ = {isa = PBXBuildFile; fileRef = CC0AB9422A8A087100D903BC /* PersonTableViewCell.xib */; };
		CC0AB9462A8A0E3800D903BC /* CKTableView.swift in Sources */ = {isa = PBXBuildFile; fileRef = CC0AB9452A8A0E3800D903BC /* CKTableView.swift */; };
		CC0AB9522A8A135F00D903BC /* PlanetTableViewCell.swift in Sources */ = {isa = PBXBuildFile; fileRef = CC0AB9502A8A135F00D903BC /* PlanetTableViewCell.swift */; };
		CC0AB9532A8A135F00D903BC /* PlanetTableViewCell.xib in Resources */ = {isa = PBXBuildFile; fileRef = CC0AB9512A8A135F00D903BC /* PlanetTableViewCell.xib */; };
		CC0AB9572A8A157400D903BC /* FilmTableViewCell.swift in Sources */ = {isa = PBXBuildFile; fileRef = CC0AB9552A8A157400D903BC /* FilmTableViewCell.swift */; };
		CC0AB9582A8A157400D903BC /* FilmTableViewCell.xib in Resources */ = {isa = PBXBuildFile; fileRef = CC0AB9562A8A157400D903BC /* FilmTableViewCell.xib */; };
		CC30BEFD2A84D92700C74DBE /* AppDelegate.swift in Sources */ = {isa = PBXBuildFile; fileRef = CC30BEFC2A84D92700C74DBE /* AppDelegate.swift */; };
		CC30BEFF2A84D92700C74DBE /* SceneDelegate.swift in Sources */ = {isa = PBXBuildFile; fileRef = CC30BEFE2A84D92700C74DBE /* SceneDelegate.swift */; };
		CC30BF062A84D92900C74DBE /* Assets.xcassets in Resources */ = {isa = PBXBuildFile; fileRef = CC30BF052A84D92900C74DBE /* Assets.xcassets */; };
		CC30BF092A84D92900C74DBE /* LaunchScreen.storyboard in Resources */ = {isa = PBXBuildFile; fileRef = CC30BF072A84D92900C74DBE /* LaunchScreen.storyboard */; };
		CC30BF162A84DEC400C74DBE /* Person.swift in Sources */ = {isa = PBXBuildFile; fileRef = CC30BF152A84DEC400C74DBE /* Person.swift */; };
		CC30BF182A84DF1400C74DBE /* Gender.swift in Sources */ = {isa = PBXBuildFile; fileRef = CC30BF172A84DF1400C74DBE /* Gender.swift */; };
		CC30BF1A2A84DFAF00C74DBE /* Planet.swift in Sources */ = {isa = PBXBuildFile; fileRef = CC30BF192A84DFAF00C74DBE /* Planet.swift */; };
		CC30BF1C2A84E00B00C74DBE /* Services.swift in Sources */ = {isa = PBXBuildFile; fileRef = CC30BF1B2A84E00B00C74DBE /* Services.swift */; };
		CC30BF1E2A84E09300C74DBE /* Film.swift in Sources */ = {isa = PBXBuildFile; fileRef = CC30BF1D2A84E09300C74DBE /* Film.swift */; };
		CC30BF2C2A84E4AD00C74DBE /* ServiceCategory.swift in Sources */ = {isa = PBXBuildFile; fileRef = CC30BF2B2A84E4AD00C74DBE /* ServiceCategory.swift */; };
		CC30BF2F2A84F32D00C74DBE /* ServiceProtocol.swift in Sources */ = {isa = PBXBuildFile; fileRef = CC30BF2E2A84F32D00C74DBE /* ServiceProtocol.swift */; };
		CC30BF312A84F33900C74DBE /* PeopleServices.swift in Sources */ = {isa = PBXBuildFile; fileRef = CC30BF302A84F33900C74DBE /* PeopleServices.swift */; };
		CC30BF332A84F34A00C74DBE /* FilmServices.swift in Sources */ = {isa = PBXBuildFile; fileRef = CC30BF322A84F34A00C74DBE /* FilmServices.swift */; };
		CC30BF352A84F36100C74DBE /* PlanetServices.swift in Sources */ = {isa = PBXBuildFile; fileRef = CC30BF342A84F36100C74DBE /* PlanetServices.swift */; };
		CC30BF372A84F4B200C74DBE /* ServiceError.swift in Sources */ = {isa = PBXBuildFile; fileRef = CC30BF362A84F4B200C74DBE /* ServiceError.swift */; };
		CC30BF392A85009900C74DBE /* ServiceResponse.swift in Sources */ = {isa = PBXBuildFile; fileRef = CC30BF382A85009900C74DBE /* ServiceResponse.swift */; };
		CC30BF3C2A86105700C74DBE /* MainViewController.swift in Sources */ = {isa = PBXBuildFile; fileRef = CC30BF3B2A86105700C74DBE /* MainViewController.swift */; };
		CC30BF402A86123100C74DBE /* CombineExtension.swift in Sources */ = {isa = PBXBuildFile; fileRef = CC30BF3F2A86123100C74DBE /* CombineExtension.swift */; };
		CC30BF422A86133100C74DBE /* MainViewModel.swift in Sources */ = {isa = PBXBuildFile; fileRef = CC30BF412A86133100C74DBE /* MainViewModel.swift */; };
		CC30BF442A86162B00C74DBE /* MainButtonType.swift in Sources */ = {isa = PBXBuildFile; fileRef = CC30BF432A86162B00C74DBE /* MainButtonType.swift */; };
/* End PBXBuildFile section */

/* Begin PBXFileReference section */
		CC0AB92B2A89E7F400D903BC /* Modules.swift */ = {isa = PBXFileReference; lastKnownFileType = sourcecode.swift; path = Modules.swift; sourceTree = "<group>"; };
		CC0AB92E2A89EF6A00D903BC /* Navigation.swift */ = {isa = PBXFileReference; lastKnownFileType = sourcecode.swift; path = Navigation.swift; sourceTree = "<group>"; };
		CC0AB9302A89EFD400D903BC /* NavigationError.swift */ = {isa = PBXFileReference; lastKnownFileType = sourcecode.swift; path = NavigationError.swift; sourceTree = "<group>"; };
		CC0AB9332A89F31500D903BC /* PeopleListViewController.swift */ = {isa = PBXFileReference; lastKnownFileType = sourcecode.swift; path = PeopleListViewController.swift; sourceTree = "<group>"; };
		CC0AB9352A89F32800D903BC /* PeopleListViewModel.swift */ = {isa = PBXFileReference; lastKnownFileType = sourcecode.swift; path = PeopleListViewModel.swift; sourceTree = "<group>"; };
		CC0AB9382A89F3D700D903BC /* PlanetsListViewController.swift */ = {isa = PBXFileReference; lastKnownFileType = sourcecode.swift; path = PlanetsListViewController.swift; sourceTree = "<group>"; };
		CC0AB93A2A89F3E300D903BC /* PlanetsListViewModel.swift */ = {isa = PBXFileReference; lastKnownFileType = sourcecode.swift; path = PlanetsListViewModel.swift; sourceTree = "<group>"; };
		CC0AB93D2A89F42F00D903BC /* FilmsListViewController.swift */ = {isa = PBXFileReference; lastKnownFileType = sourcecode.swift; path = FilmsListViewController.swift; sourceTree = "<group>"; };
		CC0AB93F2A89F45800D903BC /* FilmsListViewModel.swift */ = {isa = PBXFileReference; lastKnownFileType = sourcecode.swift; path = FilmsListViewModel.swift; sourceTree = "<group>"; };
		CC0AB9412A8A087100D903BC /* PersonTableViewCell.swift */ = {isa = PBXFileReference; lastKnownFileType = sourcecode.swift; path = PersonTableViewCell.swift; sourceTree = "<group>"; };
		CC0AB9422A8A087100D903BC /* PersonTableViewCell.xib */ = {isa = PBXFileReference; lastKnownFileType = file.xib; path = PersonTableViewCell.xib; sourceTree = "<group>"; };
		CC0AB9452A8A0E3800D903BC /* CKTableView.swift */ = {isa = PBXFileReference; lastKnownFileType = sourcecode.swift; path = CKTableView.swift; sourceTree = "<group>"; };
		CC0AB9502A8A135F00D903BC /* PlanetTableViewCell.swift */ = {isa = PBXFileReference; lastKnownFileType = sourcecode.swift; path = PlanetTableViewCell.swift; sourceTree = "<group>"; };
		CC0AB9512A8A135F00D903BC /* PlanetTableViewCell.xib */ = {isa = PBXFileReference; lastKnownFileType = file.xib; path = PlanetTableViewCell.xib; sourceTree = "<group>"; };
		CC0AB9552A8A157400D903BC /* FilmTableViewCell.swift */ = {isa = PBXFileReference; lastKnownFileType = sourcecode.swift; path = FilmTableViewCell.swift; sourceTree = "<group>"; };
		CC0AB9562A8A157400D903BC /* FilmTableViewCell.xib */ = {isa = PBXFileReference; lastKnownFileType = file.xib; path = FilmTableViewCell.xib; sourceTree = "<group>"; };
		CC30BEF92A84D92700C74DBE /* CKArchitecture.app */ = {isa = PBXFileReference; explicitFileType = wrapper.application; includeInIndex = 0; path = CKArchitecture.app; sourceTree = BUILT_PRODUCTS_DIR; };
		CC30BEFC2A84D92700C74DBE /* AppDelegate.swift */ = {isa = PBXFileReference; lastKnownFileType = sourcecode.swift; path = AppDelegate.swift; sourceTree = "<group>"; };
		CC30BEFE2A84D92700C74DBE /* SceneDelegate.swift */ = {isa = PBXFileReference; lastKnownFileType = sourcecode.swift; path = SceneDelegate.swift; sourceTree = "<group>"; };
		CC30BF052A84D92900C74DBE /* Assets.xcassets */ = {isa = PBXFileReference; lastKnownFileType = folder.assetcatalog; path = Assets.xcassets; sourceTree = "<group>"; };
		CC30BF082A84D92900C74DBE /* Base */ = {isa = PBXFileReference; lastKnownFileType = file.storyboard; name = Base; path = Base.lproj/LaunchScreen.storyboard; sourceTree = "<group>"; };
		CC30BF0A2A84D92900C74DBE /* Info.plist */ = {isa = PBXFileReference; lastKnownFileType = text.plist.xml; path = Info.plist; sourceTree = "<group>"; };
		CC30BF152A84DEC400C74DBE /* Person.swift */ = {isa = PBXFileReference; lastKnownFileType = sourcecode.swift; path = Person.swift; sourceTree = "<group>"; };
		CC30BF172A84DF1400C74DBE /* Gender.swift */ = {isa = PBXFileReference; lastKnownFileType = sourcecode.swift; path = Gender.swift; sourceTree = "<group>"; };
		CC30BF192A84DFAF00C74DBE /* Planet.swift */ = {isa = PBXFileReference; lastKnownFileType = sourcecode.swift; path = Planet.swift; sourceTree = "<group>"; };
		CC30BF1B2A84E00B00C74DBE /* Services.swift */ = {isa = PBXFileReference; lastKnownFileType = sourcecode.swift; path = Services.swift; sourceTree = "<group>"; };
		CC30BF1D2A84E09300C74DBE /* Film.swift */ = {isa = PBXFileReference; lastKnownFileType = sourcecode.swift; path = Film.swift; sourceTree = "<group>"; };
		CC30BF2B2A84E4AD00C74DBE /* ServiceCategory.swift */ = {isa = PBXFileReference; lastKnownFileType = sourcecode.swift; path = ServiceCategory.swift; sourceTree = "<group>"; };
		CC30BF2E2A84F32D00C74DBE /* ServiceProtocol.swift */ = {isa = PBXFileReference; lastKnownFileType = sourcecode.swift; path = ServiceProtocol.swift; sourceTree = "<group>"; };
		CC30BF302A84F33900C74DBE /* PeopleServices.swift */ = {isa = PBXFileReference; lastKnownFileType = sourcecode.swift; path = PeopleServices.swift; sourceTree = "<group>"; };
		CC30BF322A84F34A00C74DBE /* FilmServices.swift */ = {isa = PBXFileReference; lastKnownFileType = sourcecode.swift; path = FilmServices.swift; sourceTree = "<group>"; };
		CC30BF342A84F36100C74DBE /* PlanetServices.swift */ = {isa = PBXFileReference; lastKnownFileType = sourcecode.swift; path = PlanetServices.swift; sourceTree = "<group>"; };
		CC30BF362A84F4B200C74DBE /* ServiceError.swift */ = {isa = PBXFileReference; lastKnownFileType = sourcecode.swift; path = ServiceError.swift; sourceTree = "<group>"; };
		CC30BF382A85009900C74DBE /* ServiceResponse.swift */ = {isa = PBXFileReference; lastKnownFileType = sourcecode.swift; path = ServiceResponse.swift; sourceTree = "<group>"; };
		CC30BF3B2A86105700C74DBE /* MainViewController.swift */ = {isa = PBXFileReference; lastKnownFileType = sourcecode.swift; path = MainViewController.swift; sourceTree = "<group>"; };
		CC30BF3F2A86123100C74DBE /* CombineExtension.swift */ = {isa = PBXFileReference; lastKnownFileType = sourcecode.swift; path = CombineExtension.swift; sourceTree = "<group>"; };
		CC30BF412A86133100C74DBE /* MainViewModel.swift */ = {isa = PBXFileReference; lastKnownFileType = sourcecode.swift; path = MainViewModel.swift; sourceTree = "<group>"; };
		CC30BF432A86162B00C74DBE /* MainButtonType.swift */ = {isa = PBXFileReference; lastKnownFileType = sourcecode.swift; path = MainButtonType.swift; sourceTree = "<group>"; };
/* End PBXFileReference section */

/* Begin PBXFrameworksBuildPhase section */
		CC30BEF62A84D92700C74DBE /* Frameworks */ = {
			isa = PBXFrameworksBuildPhase;
			buildActionMask = 2147483647;
			files = (
			);
			runOnlyForDeploymentPostprocessing = 0;
		};
/* End PBXFrameworksBuildPhase section */

/* Begin PBXGroup section */
		CC0AB92D2A89EF5700D903BC /* Navigation */ = {
			isa = PBXGroup;
			children = (
				CC0AB92B2A89E7F400D903BC /* Modules.swift */,
				CC0AB92E2A89EF6A00D903BC /* Navigation.swift */,
				CC0AB9302A89EFD400D903BC /* NavigationError.swift */,
			);
			path = Navigation;
			sourceTree = "<group>";
		};
		CC0AB9322A89F2E800D903BC /* PeopleList */ = {
			isa = PBXGroup;
			children = (
				CC0AB9332A89F31500D903BC /* PeopleListViewController.swift */,
				CC0AB9352A89F32800D903BC /* PeopleListViewModel.swift */,
			);
			path = PeopleList;
			sourceTree = "<group>";
		};
		CC0AB9372A89F3BF00D903BC /* PlanetsList */ = {
			isa = PBXGroup;
			children = (
				CC0AB9382A89F3D700D903BC /* PlanetsListViewController.swift */,
				CC0AB93A2A89F3E300D903BC /* PlanetsListViewModel.swift */,
			);
			path = PlanetsList;
			sourceTree = "<group>";
		};
		CC0AB93C2A89F42000D903BC /* FilmsList */ = {
			isa = PBXGroup;
			children = (
				CC0AB93D2A89F42F00D903BC /* FilmsListViewController.swift */,
				CC0AB93F2A89F45800D903BC /* FilmsListViewModel.swift */,
			);
			path = FilmsList;
			sourceTree = "<group>";
		};
		CC0AB9472A8A12BE00D903BC /* CKTableView */ = {
			isa = PBXGroup;
			children = (
				CC0AB9452A8A0E3800D903BC /* CKTableView.swift */,
				CC0AB94C2A8A132500D903BC /* Cells */,
			);
			path = CKTableView;
			sourceTree = "<group>";
		};
		CC0AB94C2A8A132500D903BC /* Cells */ = {
			isa = PBXGroup;
			children = (
				CC0AB9542A8A156700D903BC /* Film */,
				CC0AB94E2A8A133300D903BC /* Planet */,
				CC0AB94D2A8A132C00D903BC /* Person */,
			);
			path = Cells;
			sourceTree = "<group>";
		};
		CC0AB94D2A8A132C00D903BC /* Person */ = {
			isa = PBXGroup;
			children = (
				CC0AB9412A8A087100D903BC /* PersonTableViewCell.swift */,
				CC0AB9422A8A087100D903BC /* PersonTableViewCell.xib */,
			);
			path = Person;
			sourceTree = "<group>";
		};
		CC0AB94E2A8A133300D903BC /* Planet */ = {
			isa = PBXGroup;
			children = (
				CC0AB9502A8A135F00D903BC /* PlanetTableViewCell.swift */,
				CC0AB9512A8A135F00D903BC /* PlanetTableViewCell.xib */,
			);
			path = Planet;
			sourceTree = "<group>";
		};
		CC0AB9542A8A156700D903BC /* Film */ = {
			isa = PBXGroup;
			children = (
				CC0AB9552A8A157400D903BC /* FilmTableViewCell.swift */,
				CC0AB9562A8A157400D903BC /* FilmTableViewCell.xib */,
			);
			path = Film;
			sourceTree = "<group>";
		};
		CC30BEF02A84D92700C74DBE = {
			isa = PBXGroup;
			children = (
				CC30BEFB2A84D92700C74DBE /* CKArchitecture */,
				CC30BEFA2A84D92700C74DBE /* Products */,
			);
			sourceTree = "<group>";
		};
		CC30BEFA2A84D92700C74DBE /* Products */ = {
			isa = PBXGroup;
			children = (
				CC30BEF92A84D92700C74DBE /* CKArchitecture.app */,
			);
			name = Products;
			sourceTree = "<group>";
		};
		CC30BEFB2A84D92700C74DBE /* CKArchitecture */ = {
			isa = PBXGroup;
			children = (
				CC30BEFC2A84D92700C74DBE /* AppDelegate.swift */,
				CC30BEFE2A84D92700C74DBE /* SceneDelegate.swift */,
				CC30BF3D2A86119300C74DBE /* Utilities */,
				CC30BF122A84DDEA00C74DBE /* Resources */,
				CC30BF102A84DDDC00C74DBE /* Entities */,
				CC30BF132A84DDF000C74DBE /* Services */,
				CC30BF142A84DE0400C74DBE /* Views */,
				CC30BF112A84DDE400C74DBE /* Modules */,
				CC30BF052A84D92900C74DBE /* Assets.xcassets */,
				CC30BF072A84D92900C74DBE /* LaunchScreen.storyboard */,
				CC30BF0A2A84D92900C74DBE /* Info.plist */,
			);
			path = CKArchitecture;
			sourceTree = "<group>";
		};
		CC30BF102A84DDDC00C74DBE /* Entities */ = {
			isa = PBXGroup;
			children = (
				CC30BF172A84DF1400C74DBE /* Gender.swift */,
				CC30BF152A84DEC400C74DBE /* Person.swift */,
				CC30BF192A84DFAF00C74DBE /* Planet.swift */,
				CC30BF1D2A84E09300C74DBE /* Film.swift */,
			);
			path = Entities;
			sourceTree = "<group>";
		};
		CC30BF112A84DDE400C74DBE /* Modules */ = {
			isa = PBXGroup;
			children = (
				CC0AB93C2A89F42000D903BC /* FilmsList */,
				CC0AB9372A89F3BF00D903BC /* PlanetsList */,
				CC0AB9322A89F2E800D903BC /* PeopleList */,
				CC30BF3A2A860E0900C74DBE /* Main */,
				CC0AB92D2A89EF5700D903BC /* Navigation */,
			);
			path = Modules;
			sourceTree = "<group>";
		};
		CC30BF122A84DDEA00C74DBE /* Resources */ = {
			isa = PBXGroup;
			children = (
			);
			path = Resources;
			sourceTree = "<group>";
		};
		CC30BF132A84DDF000C74DBE /* Services */ = {
			isa = PBXGroup;
			children = (
				CC30BF2D2A84F31800C74DBE /* Category */,
				CC30BF1B2A84E00B00C74DBE /* Services.swift */,
				CC30BF382A85009900C74DBE /* ServiceResponse.swift */,
				CC30BF362A84F4B200C74DBE /* ServiceError.swift */,
			);
			path = Services;
			sourceTree = "<group>";
		};
		CC30BF142A84DE0400C74DBE /* Views */ = {
			isa = PBXGroup;
			children = (
				CC0AB9472A8A12BE00D903BC /* CKTableView */,
			);
			path = Views;
			sourceTree = "<group>";
		};
		CC30BF2D2A84F31800C74DBE /* Category */ = {
			isa = PBXGroup;
			children = (
				CC30BF2B2A84E4AD00C74DBE /* ServiceCategory.swift */,
				CC30BF2E2A84F32D00C74DBE /* ServiceProtocol.swift */,
				CC30BF302A84F33900C74DBE /* PeopleServices.swift */,
				CC30BF322A84F34A00C74DBE /* FilmServices.swift */,
				CC30BF342A84F36100C74DBE /* PlanetServices.swift */,
			);
			path = Category;
			sourceTree = "<group>";
		};
		CC30BF3A2A860E0900C74DBE /* Main */ = {
			isa = PBXGroup;
			children = (
				CC30BF3B2A86105700C74DBE /* MainViewController.swift */,
				CC30BF412A86133100C74DBE /* MainViewModel.swift */,
				CC30BF432A86162B00C74DBE /* MainButtonType.swift */,
			);
			path = Main;
			sourceTree = "<group>";
		};
		CC30BF3D2A86119300C74DBE /* Utilities */ = {
			isa = PBXGroup;
			children = (
				CC30BF3E2A86119A00C74DBE /* Combine */,
			);
			path = Utilities;
			sourceTree = "<group>";
		};
		CC30BF3E2A86119A00C74DBE /* Combine */ = {
			isa = PBXGroup;
			children = (
				CC30BF3F2A86123100C74DBE /* CombineExtension.swift */,
			);
			path = Combine;
			sourceTree = "<group>";
		};
/* End PBXGroup section */

/* Begin PBXNativeTarget section */
		CC30BEF82A84D92700C74DBE /* CKArchitecture */ = {
			isa = PBXNativeTarget;
			buildConfigurationList = CC30BF0D2A84D92900C74DBE /* Build configuration list for PBXNativeTarget "CKArchitecture" */;
			buildPhases = (
				CC30BEF52A84D92700C74DBE /* Sources */,
				CC30BEF62A84D92700C74DBE /* Frameworks */,
				CC30BEF72A84D92700C74DBE /* Resources */,
			);
			buildRules = (
			);
			dependencies = (
			);
			name = CKArchitecture;
			productName = CKArchitecture;
			productReference = CC30BEF92A84D92700C74DBE /* CKArchitecture.app */;
			productType = "com.apple.product-type.application";
		};
/* End PBXNativeTarget section */

/* Begin PBXProject section */
		CC30BEF12A84D92700C74DBE /* Project object */ = {
			isa = PBXProject;
			attributes = {
				BuildIndependentTargetsInParallel = 1;
				LastSwiftUpdateCheck = 1420;
				LastUpgradeCheck = 1420;
				TargetAttributes = {
					CC30BEF82A84D92700C74DBE = {
						CreatedOnToolsVersion = 14.2;
					};
				};
			};
			buildConfigurationList = CC30BEF42A84D92700C74DBE /* Build configuration list for PBXProject "CKArchitecture" */;
			compatibilityVersion = "Xcode 14.0";
			developmentRegion = en;
			hasScannedForEncodings = 0;
			knownRegions = (
				en,
				Base,
			);
			mainGroup = CC30BEF02A84D92700C74DBE;
			productRefGroup = CC30BEFA2A84D92700C74DBE /* Products */;
			projectDirPath = "";
			projectRoot = "";
			targets = (
				CC30BEF82A84D92700C74DBE /* CKArchitecture */,
			);
		};
/* End PBXProject section */

/* Begin PBXResourcesBuildPhase section */
		CC30BEF72A84D92700C74DBE /* Resources */ = {
			isa = PBXResourcesBuildPhase;
			buildActionMask = 2147483647;
			files = (
				CC0AB9582A8A157400D903BC /* FilmTableViewCell.xib in Resources */,
				CC30BF092A84D92900C74DBE /* LaunchScreen.storyboard in Resources */,
				CC30BF062A84D92900C74DBE /* Assets.xcassets in Resources */,
				CC0AB9442A8A087100D903BC /* PersonTableViewCell.xib in Resources */,
				CC0AB9532A8A135F00D903BC /* PlanetTableViewCell.xib in Resources */,
			);
			runOnlyForDeploymentPostprocessing = 0;
		};
/* End PBXResourcesBuildPhase section */

/* Begin PBXSourcesBuildPhase section */
		CC30BEF52A84D92700C74DBE /* Sources */ = {
			isa = PBXSourcesBuildPhase;
			buildActionMask = 2147483647;
			files = (
				CC30BF352A84F36100C74DBE /* PlanetServices.swift in Sources */,
				CC0AB9462A8A0E3800D903BC /* CKTableView.swift in Sources */,
				CC30BF402A86123100C74DBE /* CombineExtension.swift in Sources */,
				CC30BF182A84DF1400C74DBE /* Gender.swift in Sources */,
				CC30BF392A85009900C74DBE /* ServiceResponse.swift in Sources */,
				CC30BF2C2A84E4AD00C74DBE /* ServiceCategory.swift in Sources */,
				CC30BF442A86162B00C74DBE /* MainButtonType.swift in Sources */,
				CC30BEFD2A84D92700C74DBE /* AppDelegate.swift in Sources */,
				CC0AB92F2A89EF6A00D903BC /* Navigation.swift in Sources */,
				CC30BF312A84F33900C74DBE /* PeopleServices.swift in Sources */,
				CC30BF3C2A86105700C74DBE /* MainViewController.swift in Sources */,
				CC30BF1C2A84E00B00C74DBE /* Services.swift in Sources */,
				CC0AB9362A89F32800D903BC /* PeopleListViewModel.swift in Sources */,
				CC30BF1A2A84DFAF00C74DBE /* Planet.swift in Sources */,
				CC0AB9402A89F45800D903BC /* FilmsListViewModel.swift in Sources */,
				CC30BF1E2A84E09300C74DBE /* Film.swift in Sources */,
				CC0AB9312A89EFD400D903BC /* NavigationError.swift in Sources */,
				CC30BF162A84DEC400C74DBE /* Person.swift in Sources */,
				CC0AB93E2A89F42F00D903BC /* FilmsListViewController.swift in Sources */,
				CC30BF332A84F34A00C74DBE /* FilmServices.swift in Sources */,
				CC30BEFF2A84D92700C74DBE /* SceneDelegate.swift in Sources */,
				CC0AB92C2A89E7F400D903BC /* Modules.swift in Sources */,
				CC30BF372A84F4B200C74DBE /* ServiceError.swift in Sources */,
				CC0AB9572A8A157400D903BC /* FilmTableViewCell.swift in Sources */,
				CC0AB9392A89F3D700D903BC /* PlanetsListViewController.swift in Sources */,
				CC0AB9342A89F31500D903BC /* PeopleListViewController.swift in Sources */,
				CC30BF2F2A84F32D00C74DBE /* ServiceProtocol.swift in Sources */,
				CC30BF422A86133100C74DBE /* MainViewModel.swift in Sources */,
				CC0AB9432A8A087100D903BC /* PersonTableViewCell.swift in Sources */,
				CC0AB93B2A89F3E300D903BC /* PlanetsListViewModel.swift in Sources */,
				CC0AB9522A8A135F00D903BC /* PlanetTableViewCell.swift in Sources */,
			);
			runOnlyForDeploymentPostprocessing = 0;
		};
/* End PBXSourcesBuildPhase section */

/* Begin PBXVariantGroup section */
		CC30BF072A84D92900C74DBE /* LaunchScreen.storyboard */ = {
			isa = PBXVariantGroup;
			children = (
				CC30BF082A84D92900C74DBE /* Base */,
			);
			name = LaunchScreen.storyboard;
			sourceTree = "<group>";
		};
/* End PBXVariantGroup section */

/* Begin XCBuildConfiguration section */
		CC30BF0B2A84D92900C74DBE /* Debug */ = {
			isa = XCBuildConfiguration;
			buildSettings = {
				ALWAYS_SEARCH_USER_PATHS = NO;
				CLANG_ANALYZER_NONNULL = YES;
				CLANG_ANALYZER_NUMBER_OBJECT_CONVERSION = YES_AGGRESSIVE;
				CLANG_CXX_LANGUAGE_STANDARD = "gnu++20";
				CLANG_ENABLE_MODULES = YES;
				CLANG_ENABLE_OBJC_ARC = YES;
				CLANG_ENABLE_OBJC_WEAK = YES;
				CLANG_WARN_BLOCK_CAPTURE_AUTORELEASING = YES;
				CLANG_WARN_BOOL_CONVERSION = YES;
				CLANG_WARN_COMMA = YES;
				CLANG_WARN_CONSTANT_CONVERSION = YES;
				CLANG_WARN_DEPRECATED_OBJC_IMPLEMENTATIONS = YES;
				CLANG_WARN_DIRECT_OBJC_ISA_USAGE = YES_ERROR;
				CLANG_WARN_DOCUMENTATION_COMMENTS = YES;
				CLANG_WARN_EMPTY_BODY = YES;
				CLANG_WARN_ENUM_CONVERSION = YES;
				CLANG_WARN_INFINITE_RECURSION = YES;
				CLANG_WARN_INT_CONVERSION = YES;
				CLANG_WARN_NON_LITERAL_NULL_CONVERSION = YES;
				CLANG_WARN_OBJC_IMPLICIT_RETAIN_SELF = YES;
				CLANG_WARN_OBJC_LITERAL_CONVERSION = YES;
				CLANG_WARN_OBJC_ROOT_CLASS = YES_ERROR;
				CLANG_WARN_QUOTED_INCLUDE_IN_FRAMEWORK_HEADER = YES;
				CLANG_WARN_RANGE_LOOP_ANALYSIS = YES;
				CLANG_WARN_STRICT_PROTOTYPES = YES;
				CLANG_WARN_SUSPICIOUS_MOVE = YES;
				CLANG_WARN_UNGUARDED_AVAILABILITY = YES_AGGRESSIVE;
				CLANG_WARN_UNREACHABLE_CODE = YES;
				CLANG_WARN__DUPLICATE_METHOD_MATCH = YES;
				COPY_PHASE_STRIP = NO;
				DEBUG_INFORMATION_FORMAT = dwarf;
				ENABLE_STRICT_OBJC_MSGSEND = YES;
				ENABLE_TESTABILITY = YES;
				GCC_C_LANGUAGE_STANDARD = gnu11;
				GCC_DYNAMIC_NO_PIC = NO;
				GCC_NO_COMMON_BLOCKS = YES;
				GCC_OPTIMIZATION_LEVEL = 0;
				GCC_PREPROCESSOR_DEFINITIONS = (
					"DEBUG=1",
					"$(inherited)",
				);
				GCC_WARN_64_TO_32_BIT_CONVERSION = YES;
				GCC_WARN_ABOUT_RETURN_TYPE = YES_ERROR;
				GCC_WARN_UNDECLARED_SELECTOR = YES;
				GCC_WARN_UNINITIALIZED_AUTOS = YES_AGGRESSIVE;
				GCC_WARN_UNUSED_FUNCTION = YES;
				GCC_WARN_UNUSED_VARIABLE = YES;
				IPHONEOS_DEPLOYMENT_TARGET = 15.0;
				MTL_ENABLE_DEBUG_INFO = INCLUDE_SOURCE;
				MTL_FAST_MATH = YES;
				ONLY_ACTIVE_ARCH = YES;
				SDKROOT = iphoneos;
				SWIFT_ACTIVE_COMPILATION_CONDITIONS = DEBUG;
				SWIFT_OPTIMIZATION_LEVEL = "-Onone";
			};
			name = Debug;
		};
		CC30BF0C2A84D92900C74DBE /* Release */ = {
			isa = XCBuildConfiguration;
			buildSettings = {
				ALWAYS_SEARCH_USER_PATHS = NO;
				CLANG_ANALYZER_NONNULL = YES;
				CLANG_ANALYZER_NUMBER_OBJECT_CONVERSION = YES_AGGRESSIVE;
				CLANG_CXX_LANGUAGE_STANDARD = "gnu++20";
				CLANG_ENABLE_MODULES = YES;
				CLANG_ENABLE_OBJC_ARC = YES;
				CLANG_ENABLE_OBJC_WEAK = YES;
				CLANG_WARN_BLOCK_CAPTURE_AUTORELEASING = YES;
				CLANG_WARN_BOOL_CONVERSION = YES;
				CLANG_WARN_COMMA = YES;
				CLANG_WARN_CONSTANT_CONVERSION = YES;
				CLANG_WARN_DEPRECATED_OBJC_IMPLEMENTATIONS = YES;
				CLANG_WARN_DIRECT_OBJC_ISA_USAGE = YES_ERROR;
				CLANG_WARN_DOCUMENTATION_COMMENTS = YES;
				CLANG_WARN_EMPTY_BODY = YES;
				CLANG_WARN_ENUM_CONVERSION = YES;
				CLANG_WARN_INFINITE_RECURSION = YES;
				CLANG_WARN_INT_CONVERSION = YES;
				CLANG_WARN_NON_LITERAL_NULL_CONVERSION = YES;
				CLANG_WARN_OBJC_IMPLICIT_RETAIN_SELF = YES;
				CLANG_WARN_OBJC_LITERAL_CONVERSION = YES;
				CLANG_WARN_OBJC_ROOT_CLASS = YES_ERROR;
				CLANG_WARN_QUOTED_INCLUDE_IN_FRAMEWORK_HEADER = YES;
				CLANG_WARN_RANGE_LOOP_ANALYSIS = YES;
				CLANG_WARN_STRICT_PROTOTYPES = YES;
				CLANG_WARN_SUSPICIOUS_MOVE = YES;
				CLANG_WARN_UNGUARDED_AVAILABILITY = YES_AGGRESSIVE;
				CLANG_WARN_UNREACHABLE_CODE = YES;
				CLANG_WARN__DUPLICATE_METHOD_MATCH = YES;
				COPY_PHASE_STRIP = NO;
				DEBUG_INFORMATION_FORMAT = "dwarf-with-dsym";
				ENABLE_NS_ASSERTIONS = NO;
				ENABLE_STRICT_OBJC_MSGSEND = YES;
				GCC_C_LANGUAGE_STANDARD = gnu11;
				GCC_NO_COMMON_BLOCKS = YES;
				GCC_WARN_64_TO_32_BIT_CONVERSION = YES;
				GCC_WARN_ABOUT_RETURN_TYPE = YES_ERROR;
				GCC_WARN_UNDECLARED_SELECTOR = YES;
				GCC_WARN_UNINITIALIZED_AUTOS = YES_AGGRESSIVE;
				GCC_WARN_UNUSED_FUNCTION = YES;
				GCC_WARN_UNUSED_VARIABLE = YES;
				IPHONEOS_DEPLOYMENT_TARGET = 15.0;
				MTL_ENABLE_DEBUG_INFO = NO;
				MTL_FAST_MATH = YES;
				SDKROOT = iphoneos;
				SWIFT_COMPILATION_MODE = wholemodule;
				SWIFT_OPTIMIZATION_LEVEL = "-O";
				VALIDATE_PRODUCT = YES;
			};
			name = Release;
		};
		CC30BF0E2A84D92900C74DBE /* Debug */ = {
			isa = XCBuildConfiguration;
			buildSettings = {
				ASSETCATALOG_COMPILER_APPICON_NAME = AppIcon;
				ASSETCATALOG_COMPILER_GLOBAL_ACCENT_COLOR_NAME = AccentColor;
				CODE_SIGN_STYLE = Automatic;
				CURRENT_PROJECT_VERSION = 1;
				DEVELOPMENT_TEAM = D64RQ5DU57;
				GENERATE_INFOPLIST_FILE = YES;
				INFOPLIST_FILE = CKArchitecture/Info.plist;
				INFOPLIST_KEY_UIApplicationSupportsIndirectInputEvents = YES;
				INFOPLIST_KEY_UILaunchStoryboardName = LaunchScreen;
				INFOPLIST_KEY_UISupportedInterfaceOrientations = UIInterfaceOrientationPortrait;
				LD_RUNPATH_SEARCH_PATHS = (
					"$(inherited)",
					"@executable_path/Frameworks",
				);
				MARKETING_VERSION = 1.0;
				PRODUCT_BUNDLE_IDENTIFIER = "com.ck-selfcode.CKArchitecture";
				PRODUCT_NAME = "$(TARGET_NAME)";
				SUPPORTED_PLATFORMS = "iphoneos iphonesimulator";
				SUPPORTS_MACCATALYST = NO;
				SUPPORTS_MAC_DESIGNED_FOR_IPHONE_IPAD = NO;
				SWIFT_EMIT_LOC_STRINGS = YES;
				SWIFT_VERSION = 5.0;
				TARGETED_DEVICE_FAMILY = 1;
			};
			name = Debug;
		};
		CC30BF0F2A84D92900C74DBE /* Release */ = {
			isa = XCBuildConfiguration;
			buildSettings = {
				ASSETCATALOG_COMPILER_APPICON_NAME = AppIcon;
				ASSETCATALOG_COMPILER_GLOBAL_ACCENT_COLOR_NAME = AccentColor;
				CODE_SIGN_STYLE = Automatic;
				CURRENT_PROJECT_VERSION = 1;
				DEVELOPMENT_TEAM = D64RQ5DU57;
				GENERATE_INFOPLIST_FILE = YES;
				INFOPLIST_FILE = CKArchitecture/Info.plist;
				INFOPLIST_KEY_UIApplicationSupportsIndirectInputEvents = YES;
				INFOPLIST_KEY_UILaunchStoryboardName = LaunchScreen;
				INFOPLIST_KEY_UISupportedInterfaceOrientations = UIInterfaceOrientationPortrait;
				LD_RUNPATH_SEARCH_PATHS = (
					"$(inherited)",
					"@executable_path/Frameworks",
				);
				MARKETING_VERSION = 1.0;
				PRODUCT_BUNDLE_IDENTIFIER = "com.ck-selfcode.CKArchitecture";
				PRODUCT_NAME = "$(TARGET_NAME)";
				SUPPORTED_PLATFORMS = "iphoneos iphonesimulator";
				SUPPORTS_MACCATALYST = NO;
				SUPPORTS_MAC_DESIGNED_FOR_IPHONE_IPAD = NO;
				SWIFT_EMIT_LOC_STRINGS = YES;
				SWIFT_VERSION = 5.0;
				TARGETED_DEVICE_FAMILY = 1;
			};
			name = Release;
		};
/* End XCBuildConfiguration section */

/* Begin XCConfigurationList section */
		CC30BEF42A84D92700C74DBE /* Build configuration list for PBXProject "CKArchitecture" */ = {
			isa = XCConfigurationList;
			buildConfigurations = (
				CC30BF0B2A84D92900C74DBE /* Debug */,
				CC30BF0C2A84D92900C74DBE /* Release */,
			);
			defaultConfigurationIsVisible = 0;
			defaultConfigurationName = Release;
		};
		CC30BF0D2A84D92900C74DBE /* Build configuration list for PBXNativeTarget "CKArchitecture" */ = {
			isa = XCConfigurationList;
			buildConfigurations = (
				CC30BF0E2A84D92900C74DBE /* Debug */,
				CC30BF0F2A84D92900C74DBE /* Release */,
			);
			defaultConfigurationIsVisible = 0;
			defaultConfigurationName = Release;
		};
/* End XCConfigurationList section */
	};
	rootObject = CC30BEF12A84D92700C74DBE /* Project object */;
}
