// !$*UTF8*$!
{
	archiveVersion = 1;
	classes = {
	};
	objectVersion = 56;
	objects = {

/* Begin PBXBuildFile section */
		CC30BEFD2A84D92700C74DBE /* AppDelegate.swift in Sources */ = {isa = PBXBuildFile; fileRef = CC30BEFC2A84D92700C74DBE /* AppDelegate.swift */; };
		CC30BEFF2A84D92700C74DBE /* SceneDelegate.swift in Sources */ = {isa = PBXBuildFile; fileRef = CC30BEFE2A84D92700C74DBE /* SceneDelegate.swift */; };
		CC30BF012A84D92700C74DBE /* ViewController.swift in Sources */ = {isa = PBXBuildFile; fileRef = CC30BF002A84D92700C74DBE /* ViewController.swift */; };
		CC30BF042A84D92700C74DBE /* Main.storyboard in Resources */ = {isa = PBXBuildFile; fileRef = CC30BF022A84D92700C74DBE /* Main.storyboard */; };
		CC30BF062A84D92900C74DBE /* Assets.xcassets in Resources */ = {isa = PBXBuildFile; fileRef = CC30BF052A84D92900C74DBE /* Assets.xcassets */; };
		CC30BF092A84D92900C74DBE /* LaunchScreen.storyboard in Resources */ = {isa = PBXBuildFile; fileRef = CC30BF072A84D92900C74DBE /* LaunchScreen.storyboard */; };
		CC30BF162A84DEC400C74DBE /* Person.swift in Sources */ = {isa = PBXBuildFile; fileRef = CC30BF152A84DEC400C74DBE /* Person.swift */; };
		CC30BF182A84DF1400C74DBE /* Gender.swift in Sources */ = {isa = PBXBuildFile; fileRef = CC30BF172A84DF1400C74DBE /* Gender.swift */; };
		CC30BF1A2A84DFAF00C74DBE /* Planet.swift in Sources */ = {isa = PBXBuildFile; fileRef = CC30BF192A84DFAF00C74DBE /* Planet.swift */; };
		CC30BF1C2A84E00B00C74DBE /* Services.swift in Sources */ = {isa = PBXBuildFile; fileRef = CC30BF1B2A84E00B00C74DBE /* Services.swift */; };
		CC30BF1E2A84E09300C74DBE /* Film.swift in Sources */ = {isa = PBXBuildFile; fileRef = CC30BF1D2A84E09300C74DBE /* Film.swift */; };
		CC30BF2C2A84E4AD00C74DBE /* ServiceCategory.swift in Sources */ = {isa = PBXBuildFile; fileRef = CC30BF2B2A84E4AD00C74DBE /* ServiceCategory.swift */; };
		CC30BF2F2A84F32D00C74DBE /* ServiceProtocol.swift in Sources */ = {isa = PBXBuildFile; fileRef = CC30BF2E2A84F32D00C74DBE /* ServiceProtocol.swift */; };
		CC30BF312A84F33900C74DBE /* PeopleServices.swift in Sources */ = {isa = PBXBuildFile; fileRef = CC30BF302A84F33900C74DBE /* PeopleServices.swift */; };
		CC30BF332A84F34A00C74DBE /* FilmServices.swift in Sources */ = {isa = PBXBuildFile; fileRef = CC30BF322A84F34A00C74DBE /* FilmServices.swift */; };
		CC30BF352A84F36100C74DBE /* PlanetServices.swift in Sources */ = {isa = PBXBuildFile; fileRef = CC30BF342A84F36100C74DBE /* PlanetServices.swift */; };
		CC30BF372A84F4B200C74DBE /* ServiceError.swift in Sources */ = {isa = PBXBuildFile; fileRef = CC30BF362A84F4B200C74DBE /* ServiceError.swift */; };
		CC30BF392A85009900C74DBE /* ServiceResponse.swift in Sources */ = {isa = PBXBuildFile; fileRef = CC30BF382A85009900C74DBE /* ServiceResponse.swift */; };
/* End PBXBuildFile section */

/* Begin PBXFileReference section */
		CC30BEF92A84D92700C74DBE /* CKArchitecture.app */ = {isa = PBXFileReference; explicitFileType = wrapper.application; includeInIndex = 0; path = CKArchitecture.app; sourceTree = BUILT_PRODUCTS_DIR; };
		CC30BEFC2A84D92700C74DBE /* AppDelegate.swift */ = {isa = PBXFileReference; lastKnownFileType = sourcecode.swift; path = AppDelegate.swift; sourceTree = "<group>"; };
		CC30BEFE2A84D92700C74DBE /* SceneDelegate.swift */ = {isa = PBXFileReference; lastKnownFileType = sourcecode.swift; path = SceneDelegate.swift; sourceTree = "<group>"; };
		CC30BF002A84D92700C74DBE /* ViewController.swift */ = {isa = PBXFileReference; lastKnownFileType = sourcecode.swift; path = ViewController.swift; sourceTree = "<group>"; };
		CC30BF032A84D92700C74DBE /* Base */ = {isa = PBXFileReference; lastKnownFileType = file.storyboard; name = Base; path = Base.lproj/Main.storyboard; sourceTree = "<group>"; };
		CC30BF052A84D92900C74DBE /* Assets.xcassets */ = {isa = PBXFileReference; lastKnownFileType = folder.assetcatalog; path = Assets.xcassets; sourceTree = "<group>"; };
		CC30BF082A84D92900C74DBE /* Base */ = {isa = PBXFileReference; lastKnownFileType = file.storyboard; name = Base; path = Base.lproj/LaunchScreen.storyboard; sourceTree = "<group>"; };
		CC30BF0A2A84D92900C74DBE /* Info.plist */ = {isa = PBXFileReference; lastKnownFileType = text.plist.xml; path = Info.plist; sourceTree = "<group>"; };
		CC30BF152A84DEC400C74DBE /* Person.swift */ = {isa = PBXFileReference; lastKnownFileType = sourcecode.swift; path = Person.swift; sourceTree = "<group>"; };
		CC30BF172A84DF1400C74DBE /* Gender.swift */ = {isa = PBXFileReference; lastKnownFileType = sourcecode.swift; path = Gender.swift; sourceTree = "<group>"; };
		CC30BF192A84DFAF00C74DBE /* Planet.swift */ = {isa = PBXFileReference; lastKnownFileType = sourcecode.swift; path = Planet.swift; sourceTree = "<group>"; };
		CC30BF1B2A84E00B00C74DBE /* Services.swift */ = {isa = PBXFileReference; lastKnownFileType = sourcecode.swift; path = Services.swift; sourceTree = "<group>"; };
		CC30BF1D2A84E09300C74DBE /* Film.swift */ = {isa = PBXFileReference; lastKnownFileType = sourcecode.swift; path = Film.swift; sourceTree = "<group>"; };
		CC30BF2B2A84E4AD00C74DBE /* ServiceCategory.swift */ = {isa = PBXFileReference; lastKnownFileType = sourcecode.swift; path = ServiceCategory.swift; sourceTree = "<group>"; };
		CC30BF2E2A84F32D00C74DBE /* ServiceProtocol.swift */ = {isa = PBXFileReference; lastKnownFileType = sourcecode.swift; path = ServiceProtocol.swift; sourceTree = "<group>"; };
		CC30BF302A84F33900C74DBE /* PeopleServices.swift */ = {isa = PBXFileReference; lastKnownFileType = sourcecode.swift; path = PeopleServices.swift; sourceTree = "<group>"; };
		CC30BF322A84F34A00C74DBE /* FilmServices.swift */ = {isa = PBXFileReference; lastKnownFileType = sourcecode.swift; path = FilmServices.swift; sourceTree = "<group>"; };
		CC30BF342A84F36100C74DBE /* PlanetServices.swift */ = {isa = PBXFileReference; lastKnownFileType = sourcecode.swift; path = PlanetServices.swift; sourceTree = "<group>"; };
		CC30BF362A84F4B200C74DBE /* ServiceError.swift */ = {isa = PBXFileReference; lastKnownFileType = sourcecode.swift; path = ServiceError.swift; sourceTree = "<group>"; };
		CC30BF382A85009900C74DBE /* ServiceResponse.swift */ = {isa = PBXFileReference; lastKnownFileType = sourcecode.swift; path = ServiceResponse.swift; sourceTree = "<group>"; };
/* End PBXFileReference section */

/* Begin PBXFrameworksBuildPhase section */
		CC30BEF62A84D92700C74DBE /* Frameworks */ = {
			isa = PBXFrameworksBuildPhase;
			buildActionMask = 2147483647;
			files = (
			);
			runOnlyForDeploymentPostprocessing = 0;
		};
/* End PBXFrameworksBuildPhase section */

/* Begin PBXGroup section */
		CC30BEF02A84D92700C74DBE = {
			isa = PBXGroup;
			children = (
				CC30BEFB2A84D92700C74DBE /* CKArchitecture */,
				CC30BEFA2A84D92700C74DBE /* Products */,
			);
			sourceTree = "<group>";
		};
		CC30BEFA2A84D92700C74DBE /* Products */ = {
			isa = PBXGroup;
			children = (
				CC30BEF92A84D92700C74DBE /* CKArchitecture.app */,
			);
			name = Products;
			sourceTree = "<group>";
		};
		CC30BEFB2A84D92700C74DBE /* CKArchitecture */ = {
			isa = PBXGroup;
			children = (
				CC30BEFC2A84D92700C74DBE /* AppDelegate.swift */,
				CC30BEFE2A84D92700C74DBE /* SceneDelegate.swift */,
				CC30BF002A84D92700C74DBE /* ViewController.swift */,
				CC30BF122A84DDEA00C74DBE /* Resources */,
				CC30BF102A84DDDC00C74DBE /* Entities */,
				CC30BF132A84DDF000C74DBE /* Services */,
				CC30BF142A84DE0400C74DBE /* Views */,
				CC30BF112A84DDE400C74DBE /* Modules */,
				CC30BF022A84D92700C74DBE /* Main.storyboard */,
				CC30BF052A84D92900C74DBE /* Assets.xcassets */,
				CC30BF072A84D92900C74DBE /* LaunchScreen.storyboard */,
				CC30BF0A2A84D92900C74DBE /* Info.plist */,
			);
			path = CKArchitecture;
			sourceTree = "<group>";
		};
		CC30BF102A84DDDC00C74DBE /* Entities */ = {
			isa = PBXGroup;
			children = (
				CC30BF152A84DEC400C74DBE /* Person.swift */,
				CC30BF172A84DF1400C74DBE /* Gender.swift */,
				CC30BF192A84DFAF00C74DBE /* Planet.swift */,
				CC30BF1D2A84E09300C74DBE /* Film.swift */,
			);
			path = Entities;
			sourceTree = "<group>";
		};
		CC30BF112A84DDE400C74DBE /* Modules */ = {
			isa = PBXGroup;
			children = (
			);
			path = Modules;
			sourceTree = "<group>";
		};
		CC30BF122A84DDEA00C74DBE /* Resources */ = {
			isa = PBXGroup;
			children = (
			);
			path = Resources;
			sourceTree = "<group>";
		};
		CC30BF132A84DDF000C74DBE /* Services */ = {
			isa = PBXGroup;
			children = (
				CC30BF2D2A84F31800C74DBE /* Category */,
				CC30BF1B2A84E00B00C74DBE /* Services.swift */,
				CC30BF382A85009900C74DBE /* ServiceResponse.swift */,
				CC30BF362A84F4B200C74DBE /* ServiceError.swift */,
			);
			path = Services;
			sourceTree = "<group>";
		};
		CC30BF142A84DE0400C74DBE /* Views */ = {
			isa = PBXGroup;
			children = (
			);
			path = Views;
			sourceTree = "<group>";
		};
		CC30BF2D2A84F31800C74DBE /* Category */ = {
			isa = PBXGroup;
			children = (
				CC30BF2B2A84E4AD00C74DBE /* ServiceCategory.swift */,
				CC30BF2E2A84F32D00C74DBE /* ServiceProtocol.swift */,
				CC30BF302A84F33900C74DBE /* PeopleServices.swift */,
				CC30BF322A84F34A00C74DBE /* FilmServices.swift */,
				CC30BF342A84F36100C74DBE /* PlanetServices.swift */,
			);
			path = Category;
			sourceTree = "<group>";
		};
/* End PBXGroup section */

/* Begin PBXNativeTarget section */
		CC30BEF82A84D92700C74DBE /* CKArchitecture */ = {
			isa = PBXNativeTarget;
			buildConfigurationList = CC30BF0D2A84D92900C74DBE /* Build configuration list for PBXNativeTarget "CKArchitecture" */;
			buildPhases = (
				CC30BEF52A84D92700C74DBE /* Sources */,
				CC30BEF62A84D92700C74DBE /* Frameworks */,
				CC30BEF72A84D92700C74DBE /* Resources */,
			);
			buildRules = (
			);
			dependencies = (
			);
			name = CKArchitecture;
			productName = CKArchitecture;
			productReference = CC30BEF92A84D92700C74DBE /* CKArchitecture.app */;
			productType = "com.apple.product-type.application";
		};
/* End PBXNativeTarget section */

/* Begin PBXProject section */
		CC30BEF12A84D92700C74DBE /* Project object */ = {
			isa = PBXProject;
			attributes = {
				BuildIndependentTargetsInParallel = 1;
				LastSwiftUpdateCheck = 1420;
				LastUpgradeCheck = 1420;
				TargetAttributes = {
					CC30BEF82A84D92700C74DBE = {
						CreatedOnToolsVersion = 14.2;
					};
				};
			};
			buildConfigurationList = CC30BEF42A84D92700C74DBE /* Build configuration list for PBXProject "CKArchitecture" */;
			compatibilityVersion = "Xcode 14.0";
			developmentRegion = en;
			hasScannedForEncodings = 0;
			knownRegions = (
				en,
				Base,
			);
			mainGroup = CC30BEF02A84D92700C74DBE;
			productRefGroup = CC30BEFA2A84D92700C74DBE /* Products */;
			projectDirPath = "";
			projectRoot = "";
			targets = (
				CC30BEF82A84D92700C74DBE /* CKArchitecture */,
			);
		};
/* End PBXProject section */

/* Begin PBXResourcesBuildPhase section */
		CC30BEF72A84D92700C74DBE /* Resources */ = {
			isa = PBXResourcesBuildPhase;
			buildActionMask = 2147483647;
			files = (
				CC30BF092A84D92900C74DBE /* LaunchScreen.storyboard in Resources */,
				CC30BF062A84D92900C74DBE /* Assets.xcassets in Resources */,
				CC30BF042A84D92700C74DBE /* Main.storyboard in Resources */,
			);
			runOnlyForDeploymentPostprocessing = 0;
		};
/* End PBXResourcesBuildPhase section */

/* Begin PBXSourcesBuildPhase section */
		CC30BEF52A84D92700C74DBE /* Sources */ = {
			isa = PBXSourcesBuildPhase;
			buildActionMask = 2147483647;
			files = (
				CC30BF012A84D92700C74DBE /* ViewController.swift in Sources */,
				CC30BF352A84F36100C74DBE /* PlanetServices.swift in Sources */,
				CC30BF182A84DF1400C74DBE /* Gender.swift in Sources */,
				CC30BF392A85009900C74DBE /* ServiceResponse.swift in Sources */,
				CC30BF2C2A84E4AD00C74DBE /* ServiceCategory.swift in Sources */,
				CC30BEFD2A84D92700C74DBE /* AppDelegate.swift in Sources */,
				CC30BF312A84F33900C74DBE /* PeopleServices.swift in Sources */,
				CC30BF1C2A84E00B00C74DBE /* Services.swift in Sources */,
				CC30BF1A2A84DFAF00C74DBE /* Planet.swift in Sources */,
				CC30BF1E2A84E09300C74DBE /* Film.swift in Sources */,
				CC30BF162A84DEC400C74DBE /* Person.swift in Sources */,
				CC30BF332A84F34A00C74DBE /* FilmServices.swift in Sources */,
				CC30BEFF2A84D92700C74DBE /* SceneDelegate.swift in Sources */,
				CC30BF372A84F4B200C74DBE /* ServiceError.swift in Sources */,
				CC30BF2F2A84F32D00C74DBE /* ServiceProtocol.swift in Sources */,
			);
			runOnlyForDeploymentPostprocessing = 0;
		};
/* End PBXSourcesBuildPhase section */

/* Begin PBXVariantGroup section */
		CC30BF022A84D92700C74DBE /* Main.storyboard */ = {
			isa = PBXVariantGroup;
			children = (
				CC30BF032A84D92700C74DBE /* Base */,
			);
			name = Main.storyboard;
			sourceTree = "<group>";
		};
		CC30BF072A84D92900C74DBE /* LaunchScreen.storyboard */ = {
			isa = PBXVariantGroup;
			children = (
				CC30BF082A84D92900C74DBE /* Base */,
			);
			name = LaunchScreen.storyboard;
			sourceTree = "<group>";
		};
/* End PBXVariantGroup section */

/* Begin XCBuildConfiguration section */
		CC30BF0B2A84D92900C74DBE /* Debug */ = {
			isa = XCBuildConfiguration;
			buildSettings = {
				ALWAYS_SEARCH_USER_PATHS = NO;
				CLANG_ANALYZER_NONNULL = YES;
				CLANG_ANALYZER_NUMBER_OBJECT_CONVERSION = YES_AGGRESSIVE;
				CLANG_CXX_LANGUAGE_STANDARD = "gnu++20";
				CLANG_ENABLE_MODULES = YES;
				CLANG_ENABLE_OBJC_ARC = YES;
				CLANG_ENABLE_OBJC_WEAK = YES;
				CLANG_WARN_BLOCK_CAPTURE_AUTORELEASING = YES;
				CLANG_WARN_BOOL_CONVERSION = YES;
				CLANG_WARN_COMMA = YES;
				CLANG_WARN_CONSTANT_CONVERSION = YES;
				CLANG_WARN_DEPRECATED_OBJC_IMPLEMENTATIONS = YES;
				CLANG_WARN_DIRECT_OBJC_ISA_USAGE = YES_ERROR;
				CLANG_WARN_DOCUMENTATION_COMMENTS = YES;
				CLANG_WARN_EMPTY_BODY = YES;
				CLANG_WARN_ENUM_CONVERSION = YES;
				CLANG_WARN_INFINITE_RECURSION = YES;
				CLANG_WARN_INT_CONVERSION = YES;
				CLANG_WARN_NON_LITERAL_NULL_CONVERSION = YES;
				CLANG_WARN_OBJC_IMPLICIT_RETAIN_SELF = YES;
				CLANG_WARN_OBJC_LITERAL_CONVERSION = YES;
				CLANG_WARN_OBJC_ROOT_CLASS = YES_ERROR;
				CLANG_WARN_QUOTED_INCLUDE_IN_FRAMEWORK_HEADER = YES;
				CLANG_WARN_RANGE_LOOP_ANALYSIS = YES;
				CLANG_WARN_STRICT_PROTOTYPES = YES;
				CLANG_WARN_SUSPICIOUS_MOVE = YES;
				CLANG_WARN_UNGUARDED_AVAILABILITY = YES_AGGRESSIVE;
				CLANG_WARN_UNREACHABLE_CODE = YES;
				CLANG_WARN__DUPLICATE_METHOD_MATCH = YES;
				COPY_PHASE_STRIP = NO;
				DEBUG_INFORMATION_FORMAT = dwarf;
				ENABLE_STRICT_OBJC_MSGSEND = YES;
				ENABLE_TESTABILITY = YES;
				GCC_C_LANGUAGE_STANDARD = gnu11;
				GCC_DYNAMIC_NO_PIC = NO;
				GCC_NO_COMMON_BLOCKS = YES;
				GCC_OPTIMIZATION_LEVEL = 0;
				GCC_PREPROCESSOR_DEFINITIONS = (
					"DEBUG=1",
					"$(inherited)",
				);
				GCC_WARN_64_TO_32_BIT_CONVERSION = YES;
				GCC_WARN_ABOUT_RETURN_TYPE = YES_ERROR;
				GCC_WARN_UNDECLARED_SELECTOR = YES;
				GCC_WARN_UNINITIALIZED_AUTOS = YES_AGGRESSIVE;
				GCC_WARN_UNUSED_FUNCTION = YES;
				GCC_WARN_UNUSED_VARIABLE = YES;
				IPHONEOS_DEPLOYMENT_TARGET = 15.0;
				MTL_ENABLE_DEBUG_INFO = INCLUDE_SOURCE;
				MTL_FAST_MATH = YES;
				ONLY_ACTIVE_ARCH = YES;
				SDKROOT = iphoneos;
				SWIFT_ACTIVE_COMPILATION_CONDITIONS = DEBUG;
				SWIFT_OPTIMIZATION_LEVEL = "-Onone";
			};
			name = Debug;
		};
		CC30BF0C2A84D92900C74DBE /* Release */ = {
			isa = XCBuildConfiguration;
			buildSettings = {
				ALWAYS_SEARCH_USER_PATHS = NO;
				CLANG_ANALYZER_NONNULL = YES;
				CLANG_ANALYZER_NUMBER_OBJECT_CONVERSION = YES_AGGRESSIVE;
				CLANG_CXX_LANGUAGE_STANDARD = "gnu++20";
				CLANG_ENABLE_MODULES = YES;
				CLANG_ENABLE_OBJC_ARC = YES;
				CLANG_ENABLE_OBJC_WEAK = YES;
				CLANG_WARN_BLOCK_CAPTURE_AUTORELEASING = YES;
				CLANG_WARN_BOOL_CONVERSION = YES;
				CLANG_WARN_COMMA = YES;
				CLANG_WARN_CONSTANT_CONVERSION = YES;
				CLANG_WARN_DEPRECATED_OBJC_IMPLEMENTATIONS = YES;
				CLANG_WARN_DIRECT_OBJC_ISA_USAGE = YES_ERROR;
				CLANG_WARN_DOCUMENTATION_COMMENTS = YES;
				CLANG_WARN_EMPTY_BODY = YES;
				CLANG_WARN_ENUM_CONVERSION = YES;
				CLANG_WARN_INFINITE_RECURSION = YES;
				CLANG_WARN_INT_CONVERSION = YES;
				CLANG_WARN_NON_LITERAL_NULL_CONVERSION = YES;
				CLANG_WARN_OBJC_IMPLICIT_RETAIN_SELF = YES;
				CLANG_WARN_OBJC_LITERAL_CONVERSION = YES;
				CLANG_WARN_OBJC_ROOT_CLASS = YES_ERROR;
				CLANG_WARN_QUOTED_INCLUDE_IN_FRAMEWORK_HEADER = YES;
				CLANG_WARN_RANGE_LOOP_ANALYSIS = YES;
				CLANG_WARN_STRICT_PROTOTYPES = YES;
				CLANG_WARN_SUSPICIOUS_MOVE = YES;
				CLANG_WARN_UNGUARDED_AVAILABILITY = YES_AGGRESSIVE;
				CLANG_WARN_UNREACHABLE_CODE = YES;
				CLANG_WARN__DUPLICATE_METHOD_MATCH = YES;
				COPY_PHASE_STRIP = NO;
				DEBUG_INFORMATION_FORMAT = "dwarf-with-dsym";
				ENABLE_NS_ASSERTIONS = NO;
				ENABLE_STRICT_OBJC_MSGSEND = YES;
				GCC_C_LANGUAGE_STANDARD = gnu11;
				GCC_NO_COMMON_BLOCKS = YES;
				GCC_WARN_64_TO_32_BIT_CONVERSION = YES;
				GCC_WARN_ABOUT_RETURN_TYPE = YES_ERROR;
				GCC_WARN_UNDECLARED_SELECTOR = YES;
				GCC_WARN_UNINITIALIZED_AUTOS = YES_AGGRESSIVE;
				GCC_WARN_UNUSED_FUNCTION = YES;
				GCC_WARN_UNUSED_VARIABLE = YES;
				IPHONEOS_DEPLOYMENT_TARGET = 15.0;
				MTL_ENABLE_DEBUG_INFO = NO;
				MTL_FAST_MATH = YES;
				SDKROOT = iphoneos;
				SWIFT_COMPILATION_MODE = wholemodule;
				SWIFT_OPTIMIZATION_LEVEL = "-O";
				VALIDATE_PRODUCT = YES;
			};
			name = Release;
		};
		CC30BF0E2A84D92900C74DBE /* Debug */ = {
			isa = XCBuildConfiguration;
			buildSettings = {
				ASSETCATALOG_COMPILER_APPICON_NAME = AppIcon;
				ASSETCATALOG_COMPILER_GLOBAL_ACCENT_COLOR_NAME = AccentColor;
				CODE_SIGN_STYLE = Automatic;
				CURRENT_PROJECT_VERSION = 1;
				DEVELOPMENT_TEAM = D64RQ5DU57;
				GENERATE_INFOPLIST_FILE = YES;
				INFOPLIST_FILE = CKArchitecture/Info.plist;
				INFOPLIST_KEY_UIApplicationSupportsIndirectInputEvents = YES;
				INFOPLIST_KEY_UILaunchStoryboardName = LaunchScreen;
				INFOPLIST_KEY_UIMainStoryboardFile = Main;
				INFOPLIST_KEY_UISupportedInterfaceOrientations = UIInterfaceOrientationPortrait;
				LD_RUNPATH_SEARCH_PATHS = (
					"$(inherited)",
					"@executable_path/Frameworks",
				);
				MARKETING_VERSION = 1.0;
				PRODUCT_BUNDLE_IDENTIFIER = "com.ck-selfcode.CKArchitecture";
				PRODUCT_NAME = "$(TARGET_NAME)";
				SUPPORTED_PLATFORMS = "iphoneos iphonesimulator";
				SUPPORTS_MACCATALYST = NO;
				SUPPORTS_MAC_DESIGNED_FOR_IPHONE_IPAD = NO;
				SWIFT_EMIT_LOC_STRINGS = YES;
				SWIFT_VERSION = 5.0;
				TARGETED_DEVICE_FAMILY = 1;
			};
			name = Debug;
		};
		CC30BF0F2A84D92900C74DBE /* Release */ = {
			isa = XCBuildConfiguration;
			buildSettings = {
				ASSETCATALOG_COMPILER_APPICON_NAME = AppIcon;
				ASSETCATALOG_COMPILER_GLOBAL_ACCENT_COLOR_NAME = AccentColor;
				CODE_SIGN_STYLE = Automatic;
				CURRENT_PROJECT_VERSION = 1;
				DEVELOPMENT_TEAM = D64RQ5DU57;
				GENERATE_INFOPLIST_FILE = YES;
				INFOPLIST_FILE = CKArchitecture/Info.plist;
				INFOPLIST_KEY_UIApplicationSupportsIndirectInputEvents = YES;
				INFOPLIST_KEY_UILaunchStoryboardName = LaunchScreen;
				INFOPLIST_KEY_UIMainStoryboardFile = Main;
				INFOPLIST_KEY_UISupportedInterfaceOrientations = UIInterfaceOrientationPortrait;
				LD_RUNPATH_SEARCH_PATHS = (
					"$(inherited)",
					"@executable_path/Frameworks",
				);
				MARKETING_VERSION = 1.0;
				PRODUCT_BUNDLE_IDENTIFIER = "com.ck-selfcode.CKArchitecture";
				PRODUCT_NAME = "$(TARGET_NAME)";
				SUPPORTED_PLATFORMS = "iphoneos iphonesimulator";
				SUPPORTS_MACCATALYST = NO;
				SUPPORTS_MAC_DESIGNED_FOR_IPHONE_IPAD = NO;
				SWIFT_EMIT_LOC_STRINGS = YES;
				SWIFT_VERSION = 5.0;
				TARGETED_DEVICE_FAMILY = 1;
			};
			name = Release;
		};
/* End XCBuildConfiguration section */

/* Begin XCConfigurationList section */
		CC30BEF42A84D92700C74DBE /* Build configuration list for PBXProject "CKArchitecture" */ = {
			isa = XCConfigurationList;
			buildConfigurations = (
				CC30BF0B2A84D92900C74DBE /* Debug */,
				CC30BF0C2A84D92900C74DBE /* Release */,
			);
			defaultConfigurationIsVisible = 0;
			defaultConfigurationName = Release;
		};
		CC30BF0D2A84D92900C74DBE /* Build configuration list for PBXNativeTarget "CKArchitecture" */ = {
			isa = XCConfigurationList;
			buildConfigurations = (
				CC30BF0E2A84D92900C74DBE /* Debug */,
				CC30BF0F2A84D92900C74DBE /* Release */,
			);
			defaultConfigurationIsVisible = 0;
			defaultConfigurationName = Release;
		};
/* End XCConfigurationList section */
	};
	rootObject = CC30BEF12A84D92700C74DBE /* Project object */;
}
